
Microsoft Visual Studio Solution File, Format Version 12.00
# Visual Studio Version 17
VisualStudioVersion = 17.3.32929.385
MinimumVisualStudioVersion = 10.0.40219.1
Project("{FAE04EC0-301F-11D3-BF4B-00C04F79EFBC}") = "Rectangles", "Rectangles.csproj", "{80D4F9C0-72A5-4A7D-90F5-E83823E7A505}"
EndProject
Project("{FAE04EC0-301F-11D3-BF4B-00C04F79EFBC}") = "RectanglesTest", "..\RectanglesTest\RectanglesTest.csproj", "{8B6843FB-6CC1-45D3-A9EF-FE05468A7114}"
EndProject
Global
	GlobalSection(SolutionConfigurationPlatforms) = preSolution
		Debug|Any CPU = Debug|Any CPU
		Release|Any CPU = Release|Any CPU
	EndGlobalSection
	GlobalSection(ProjectConfigurationPlatforms) = postSolution
		{80D4F9C0-72A5-4A7D-90F5-E83823E7A505}.Debug|Any CPU.ActiveCfg = Debug|Any CPU
		{80D4F9C0-72A5-4A7D-90F5-E83823E7A505}.Debug|Any CPU.Build.0 = Debug|Any CPU
		{80D4F9C0-72A5-4A7D-90F5-E83823E7A505}.Release|Any CPU.ActiveCfg = Release|Any CPU
		{80D4F9C0-72A5-4A7D-90F5-E83823E7A505}.Release|Any CPU.Build.0 = Release|Any CPU
		{8B6843FB-6CC1-45D3-A9EF-FE05468A7114}.Debug|Any CPU.ActiveCfg = Debug|Any CPU
		{8B6843FB-6CC1-45D3-A9EF-FE05468A7114}.Debug|Any CPU.Build.0 = Debug|Any CPU
		{8B6843FB-6CC1-45D3-A9EF-FE05468A7114}.Release|Any CPU.ActiveCfg = Release|Any CPU
		{8B6843FB-6CC1-45D3-A9EF-FE05468A7114}.Release|Any CPU.Build.0 = Release|Any CPU
	EndGlobalSection
	GlobalSection(SolutionProperties) = preSolution
		HideSolutionNode = FALSE
	EndGlobalSection
	GlobalSection(ExtensibilityGlobals) = postSolution
		SolutionGuid = {5C9A20EB-5040-4089-B5BD-AF78D324C780}
	EndGlobalSection
EndGlobal
